# THIS IS AN AUTOGENERATED FILE. DO NOT EDIT THIS FILE DIRECTLY.
# yarn lockfile v1


"@babel/runtime@^7.16.7":
  version "7.24.4"
  resolved "https://registry.yarnpkg.com/@babel/runtime/-/runtime-7.24.4.tgz#de795accd698007a66ba44add6cc86542aff1edd"
  integrity sha512-dkxf7+hn8mFBwKjs9bvBlArzLVxVbS8usaPUDd5p2a9JCL9tB8OaOVN1isD4+Xyk4ns89/xeOmbQvgdK7IIVdA==
  dependencies:
    regenerator-runtime "^0.14.0"

"@emnapi/core@^1.1.0":
  version "1.1.1"
  resolved "https://registry.yarnpkg.com/@emnapi/core/-/core-1.1.1.tgz#3246a11db5b20b2fdf90e9b55fc7db4f3f88d947"
  integrity sha512-eu4KjHfXg3I+UUR7vSuwZXpRo4c8h4Rtb5Lu2F7Z4JqJFl/eidquONEBiRs6viXKpWBC3BaJBy68xGJ2j56idw==
  dependencies:
    tslib "^2.4.0"

"@emnapi/runtime@^1.1.0":
  version "1.1.1"
  resolved "https://registry.yarnpkg.com/@emnapi/runtime/-/runtime-1.1.1.tgz#697d02276ca6f49bafe6fd01c9df0034818afa98"
  integrity sha512-3bfqkzuR1KLx57nZfjr2NLnFOobvyS0aTszaEGCGqmYMVDRaGvgIZbjGSV/MHSSmLgQ/b9JFHQ5xm5WRZYd+XQ==
  dependencies:
    tslib "^2.4.0"

"@napi-rs/wasm-runtime@^0.1.1":
  version "0.1.2"
  resolved "https://registry.yarnpkg.com/@napi-rs/wasm-runtime/-/wasm-runtime-0.1.2.tgz#cff8330e3728ab4447af82b67277f067132d341f"
  integrity sha512-8JuczewTFIZ/XIjHQ+YlQUydHvlKx2hkcxtuGwh+t/t5zWyZct6YG4+xjHcq8xyc/e7FmFwf42Zj2YgICwmlvA==
  dependencies:
    "@emnapi/core" "^1.1.0"
    "@emnapi/runtime" "^1.1.0"
    "@tybys/wasm-util" "^0.8.1"

"@node-rs/crc32-android-arm-eabi@1.10.0":
  version "1.10.0"
  resolved "https://registry.yarnpkg.com/@node-rs/crc32-android-arm-eabi/-/crc32-android-arm-eabi-1.10.0.tgz#7beace1e2755bdd444d67233e8448afa8d184192"
  integrity sha512-IRas7ylc8nB3988nnaT4PC5ZuaK3VOrLbTyg1Y/5ZHlxsYpqLpCb7VMf/oRrHxkSzSTlluD+inv3J8UE3i5Ojg==

"@node-rs/crc32-android-arm64@1.10.0":
  version "1.10.0"
  resolved "https://registry.yarnpkg.com/@node-rs/crc32-android-arm64/-/crc32-android-arm64-1.10.0.tgz#8a926ad4ba8609c026b52d9b7dfa97e7591bfaa5"
  integrity sha512-4vX1gB+rf3sYma/LLycmYsuFKolWdZX7tQOwLQ6PDwE7dAoN3mWAgS3RBw2G6PerGD9r90vSXWXPLJnF3OAhlw==

"@node-rs/crc32-darwin-arm64@1.10.0":
  version "1.10.0"
  resolved "https://registry.yarnpkg.com/@node-rs/crc32-darwin-arm64/-/crc32-darwin-arm64-1.10.0.tgz#fba0b3cf8f17c6f5768604d6d84decb44f332396"
  integrity sha512-nAAdxZqxFBxqhI3ZMEGi7QDwg44N4laYO4iGIGhjLvsUDqJlYeIlqZ39Lh2gOK3D2uF/TaT4b0bU5EPHWnKMOQ==

"@node-rs/crc32-darwin-x64@1.10.0":
  version "1.10.0"
  resolved "https://registry.yarnpkg.com/@node-rs/crc32-darwin-x64/-/crc32-darwin-x64-1.10.0.tgz#3301fba789c59e75fcae1563c1bc635b57ee8325"
  integrity sha512-0YhLJFDY7VAKlJ4+SdfZFY+u0X18tkuD3NCtPp1SYh1o9pWpFVBbTKWvdjjx/Ihqw0ozkfc3iewFJU7vlrDQJg==

"@node-rs/crc32-freebsd-x64@1.10.0":
  version "1.10.0"
  resolved "https://registry.yarnpkg.com/@node-rs/crc32-freebsd-x64/-/crc32-freebsd-x64-1.10.0.tgz#f6d5065905a9179e1b3f289ff305e1d02b42bf6b"
  integrity sha512-BE0IeHn59GzaebTM85Dpe+ErPV8E+WuXd/sNyLLS8jZUuNoOJwFUKotm8CUFG+MI40N0U9PzvZjQSwaeMsyMsQ==

"@node-rs/crc32-linux-arm-gnueabihf@1.10.0":
  version "1.10.0"
  resolved "https://registry.yarnpkg.com/@node-rs/crc32-linux-arm-gnueabihf/-/crc32-linux-arm-gnueabihf-1.10.0.tgz#42c12d5aebd398409b28e84623e645002d13aaac"
  integrity sha512-R3mN3uSZaslJtXW3NXdropB9tHCnOgbrvq7MtmCRpHi2Ie3E46Ohi8cW0HgHjihptafTf8NWsoYzErm39BTY0Q==

"@node-rs/crc32-linux-arm64-gnu@1.10.0":
  version "1.10.0"
  resolved "https://registry.yarnpkg.com/@node-rs/crc32-linux-arm64-gnu/-/crc32-linux-arm64-gnu-1.10.0.tgz#4a1849b882737c73541cf7141557ea12269161ee"
  integrity sha512-2zZ2RQLVhjCWRWiLvz/CoP5BFld/zE/uD2Z9Nk+Y5zmJ11CD1RC3lqKG1M3MgEiQq9CnWJxwyy5kM2q4jDeXkg==

"@node-rs/crc32-linux-arm64-musl@1.10.0":
  version "1.10.0"
  resolved "https://registry.yarnpkg.com/@node-rs/crc32-linux-arm64-musl/-/crc32-linux-arm64-musl-1.10.0.tgz#0847466e4bc812abf9de31e509eceec90d29c45f"
  integrity sha512-WEIavGFHMAFe8NIKhbYnM6k2x7y6M/NQewXE8cqeV03Q8mLzCDBr34i/MzpW+M42NvEYgcM8c3Ayn2FijHb64Q==

"@node-rs/crc32-linux-x64-gnu@1.10.0":
  version "1.10.0"
  resolved "https://registry.yarnpkg.com/@node-rs/crc32-linux-x64-gnu/-/crc32-linux-x64-gnu-1.10.0.tgz#02c5bc402d783cce8d922240ebaba58c4ed07052"
  integrity sha512-K/7aY/h8QngsLk0KsalQ3AlZ8ljXRisZgc20RcbB4UZkjl5AN6TeHQlVbx9U2MSBE5f6ViiZEr8c8CcID3W2Mg==

"@node-rs/crc32-linux-x64-musl@1.10.0":
  version "1.10.0"
  resolved "https://registry.yarnpkg.com/@node-rs/crc32-linux-x64-musl/-/crc32-linux-x64-musl-1.10.0.tgz#07d0a1914652a3cf058e7cde5bc85f75a4106bbf"
  integrity sha512-GyCSm+Dp96qUvqrsxKgfd3TFrE8v5sRUYiMgNKK6G1m7nQb/VXvab9UoBSKeFw131odt3LlIuBAuhMnbb4za5w==

"@node-rs/crc32-wasm32-wasi@1.10.0":
  version "1.10.0"
  resolved "https://registry.yarnpkg.com/@node-rs/crc32-wasm32-wasi/-/crc32-wasm32-wasi-1.10.0.tgz#6718e4b3a7f9e207b400abf3968e008ec804808c"
  integrity sha512-C+2IK5HwNUz2aiMGiN0RTijb80X5V1jo/o8bsHqi8ukoRyO6HLMhVn+xptqY+RRSf4VUzzNR5eHqD+WLcLId0g==
  dependencies:
    "@napi-rs/wasm-runtime" "^0.1.1"

"@node-rs/crc32-win32-arm64-msvc@1.10.0":
  version "1.10.0"
  resolved "https://registry.yarnpkg.com/@node-rs/crc32-win32-arm64-msvc/-/crc32-win32-arm64-msvc-1.10.0.tgz#8641440a45511fdc04eac13338c9cf8336092c29"
  integrity sha512-RaVo4edbEM3DyQkvXGKdPizUmr2A4NjLMk/1x9b/tz/k2rdd+QaPAauDwWAzs7SKoDBV9H4qc3hNFuKGjjRhjA==

"@node-rs/crc32-win32-ia32-msvc@1.10.0":
  version "1.10.0"
  resolved "https://registry.yarnpkg.com/@node-rs/crc32-win32-ia32-msvc/-/crc32-win32-ia32-msvc-1.10.0.tgz#236ffc75ced7a29e2b732fe1050cdaa17d3e4cca"
  integrity sha512-5KqJFdzRXELpXcdNgahafjkc9MxZJfKDVkFPBMkQIjjkv8PQ49DVw15/7yuhAN0pyYccNaUil4vtVoo7WTIVgQ==

"@node-rs/crc32-win32-x64-msvc@1.10.0":
  version "1.10.0"
  resolved "https://registry.yarnpkg.com/@node-rs/crc32-win32-x64-msvc/-/crc32-win32-x64-msvc-1.10.0.tgz#9fe9a4f4020a330dc500421d7c8da805bab08fdd"
  integrity sha512-6b99QpwNCQube1xleD+9IcF6foEWHYQYjuZrHAR5diuP/uqM7i+KCgMU9fbCFLs5zmssYHO3CQSZ8G+V0eC59g==

"@node-rs/crc32@^1.7.0":
  version "1.10.0"
  resolved "https://registry.yarnpkg.com/@node-rs/crc32/-/crc32-1.10.0.tgz#31d3562b1bc615bd784e8dc07f690482686bb91f"
  integrity sha512-SFvU8PGZexRMRPUhi+4a9LW4oqFuK5CLEElysrKoRtNkJ+LcRFL+b3wfuzbcDq/ea0rS0nzRLFZwVsNVyWaGew==
  optionalDependencies:
    "@node-rs/crc32-android-arm-eabi" "1.10.0"
    "@node-rs/crc32-android-arm64" "1.10.0"
    "@node-rs/crc32-darwin-arm64" "1.10.0"
    "@node-rs/crc32-darwin-x64" "1.10.0"
    "@node-rs/crc32-freebsd-x64" "1.10.0"
    "@node-rs/crc32-linux-arm-gnueabihf" "1.10.0"
    "@node-rs/crc32-linux-arm64-gnu" "1.10.0"
    "@node-rs/crc32-linux-arm64-musl" "1.10.0"
    "@node-rs/crc32-linux-x64-gnu" "1.10.0"
    "@node-rs/crc32-linux-x64-musl" "1.10.0"
    "@node-rs/crc32-wasm32-wasi" "1.10.0"
    "@node-rs/crc32-win32-arm64-msvc" "1.10.0"
    "@node-rs/crc32-win32-ia32-msvc" "1.10.0"
    "@node-rs/crc32-win32-x64-msvc" "1.10.0"

"@tybys/wasm-util@^0.8.1":
  version "0.8.1"
  resolved "https://registry.yarnpkg.com/@tybys/wasm-util/-/wasm-util-0.8.1.tgz#10360976b7f679497ea8526791006417ff304abb"
  integrity sha512-GSsTwyBl4pIzsxAY5wroZdyQKyhXk0d8PCRZtrSZ2WEB1cBdrp2EgGBwHOGCZtIIPun/DL3+AykCv+J6fyRH4Q==
  dependencies:
    tslib "^2.4.0"

ansi-regex@^5.0.1:
  version "5.0.1"
  resolved "https://registry.yarnpkg.com/ansi-regex/-/ansi-regex-5.0.1.tgz#082cb2c89c9fe8659a311a53bd6a4dc5301db304"
  integrity sha512-quJQXlTSUGL2LH9SUXo8VwsY4soanhgo6LNSm84E1LBcE8s3O0wpdiRzyR9z/ZZJMlMWv37qOOb9pdJlMUEKFQ==

ansi-styles@^4.0.0:
  version "4.3.0"
  resolved "https://registry.yarnpkg.com/ansi-styles/-/ansi-styles-4.3.0.tgz#edd803628ae71c04c85ae7a0906edad34b648937"
  integrity sha512-zbB9rCJAT1rbjiVDb2hqKFHNYLxgtk8NURxZ3IZwD3F6NtxbXZQCnnSi1Lkx+IDohdPlFp222wVALIheZJQSEg==
  dependencies:
    color-convert "^2.0.1"

asynckit@^0.4.0:
  version "0.4.0"
  resolved "https://registry.yarnpkg.com/asynckit/-/asynckit-0.4.0.tgz#c79ed97f7f34cb8f2ba1bc9790bcc366474b4b79"
  integrity sha512-Oei9OH4tRh0YqU3GxhX79dM/mwVgvbZJaSNaRk+bshkj0S5cfHcgYakreBjrHwatXKbz+IoIdYLxrKim2MjW0Q==

axios@^1.6.8:
  version "1.6.8"
  resolved "https://registry.yarnpkg.com/axios/-/axios-1.6.8.tgz#66d294951f5d988a00e87a0ffb955316a619ea66"
  integrity sha512-v/ZHtJDU39mDpyBoFVkETcd/uNdxrWRrg3bKpOKzXFA6Bvqopts6ALSMU3y6ijYxbw2B+wPrIv46egTzJXCLGQ==
  dependencies:
    follow-redirects "^1.15.6"
    form-data "^4.0.0"
    proxy-from-env "^1.1.0"

chownr@^2.0.0:
  version "2.0.0"
  resolved "https://registry.yarnpkg.com/chownr/-/chownr-2.0.0.tgz#15bfbe53d2eab4cf70f18a8cd68ebe5b3cb1dece"
  integrity sha512-bIomtDF5KGpdogkLd9VspvFzk9KfpyyGlS8YFVZl7TGPBHL5snIOnxeshwVgPteQ9b4Eydl+pVbIyE1DcvCWgQ==

cliui@^8.0.1:
  version "8.0.1"
  resolved "https://registry.yarnpkg.com/cliui/-/cliui-8.0.1.tgz#0c04b075db02cbfe60dc8e6cf2f5486b1a3608aa"
  integrity sha512-BSeNnyus75C4//NQ9gQt1/csTXyo/8Sb+afLAkzAptFuMsod9HFokGNudZpi/oQV73hnVK+sR+5PVRMd+Dr7YQ==
  dependencies:
    string-width "^4.2.0"
    strip-ansi "^6.0.1"
    wrap-ansi "^7.0.0"

color-convert@^2.0.1:
  version "2.0.1"
  resolved "https://registry.yarnpkg.com/color-convert/-/color-convert-2.0.1.tgz#72d3a68d598c9bdb3af2ad1e84f21d896abd4de3"
  integrity sha512-RRECPsj7iu/xb5oKYcsFHSppFNnsj/52OVTRKb4zP5onXwVF3zVmmToNcOfGC+CRDpfK/U584fMg38ZHCaElKQ==
  dependencies:
    color-name "~1.1.4"

color-name@~1.1.4:
  version "1.1.4"
  resolved "https://registry.yarnpkg.com/color-name/-/color-name-1.1.4.tgz#c2a09a87acbde69543de6f63fa3995c826c536a2"
  integrity sha512-dOy+3AuW3a2wNbZHIuMZpTcgjGuLU/uBL/ubcZF9OXbDo8ff4O8yVp5Bf0efS8uEoYo5q4Fx7dY9OgQGXgAsQA==

combined-stream@^1.0.8:
  version "1.0.8"
  resolved "https://registry.yarnpkg.com/combined-stream/-/combined-stream-1.0.8.tgz#c3d45a8b34fd730631a110a8a2520682b31d5a7f"
  integrity sha512-FQN4MRfuJeHf7cBbBMJFXhKSDq+2kAArBlmRBvcvFE5BB1HZKXtSFASDhdlz9zOYwxh8lDdnvmMOe/+5cdoEdg==
  dependencies:
    delayed-stream "~1.0.0"

commander@^12.0.0:
  version "12.0.0"
  resolved "https://registry.yarnpkg.com/commander/-/commander-12.0.0.tgz#b929db6df8546080adfd004ab215ed48cf6f2592"
  integrity sha512-MwVNWlYjDTtOjX5PiD7o5pK0UrFU/OYgcJfjjK4RaHZETNtjJqrZa9Y9ds88+A+f+d5lv+561eZ+yCKoS3gbAA==

define-data-property@^1.0.1:
  version "1.1.4"
  resolved "https://registry.yarnpkg.com/define-data-property/-/define-data-property-1.1.4.tgz#894dc141bb7d3060ae4366f6a0107e68fbe48c5e"
  integrity sha512-rBMvIzlpA8v6E+SJZoo++HAYqsLrkg7MSfIinMPFhmkorw7X+dOXVJQs+QT69zGkzMyfDnIMN2Wid1+NbL3T+A==
  dependencies:
    es-define-property "^1.0.0"
    es-errors "^1.3.0"
    gopd "^1.0.1"

define-properties@^1.1.3:
  version "1.2.1"
  resolved "https://registry.yarnpkg.com/define-properties/-/define-properties-1.2.1.tgz#10781cc616eb951a80a034bafcaa7377f6af2b6c"
  integrity sha512-8QmQKqEASLd5nx0U1B1okLElbUuuttJ/AnYmRXbbbGDWh6uS208EjD4Xqq/I9wK7u0v6O08XhTWnt5XtEbR6Dg==
  dependencies:
    define-data-property "^1.0.1"
    has-property-descriptors "^1.0.0"
    object-keys "^1.1.1"

delayed-stream@~1.0.0:
  version "1.0.0"
  resolved "https://registry.yarnpkg.com/delayed-stream/-/delayed-stream-1.0.0.tgz#df3ae199acadfb7d440aaae0b29e2272b24ec619"
  integrity sha512-ZySD7Nf91aLB0RxL4KGrKHBXl7Eds1DAmEdcoVawXnLD7SDhpNgtuII2aAkg7a7QS41jxPSZ17p4VdGnMHk3MQ==

emoji-regex@^8.0.0:
  version "8.0.0"
  resolved "https://registry.yarnpkg.com/emoji-regex/-/emoji-regex-8.0.0.tgz#e818fd69ce5ccfcb404594f842963bf53164cc37"
  integrity sha512-MSjYzcWNOA0ewAHpz0MxpYFvwg6yjy1NG3xteoqz644VCo/RPgnr1/GGt+ic3iJTzQ8Eu3TdM14SawnVUmGE6A==

es-define-property@^1.0.0:
  version "1.0.0"
  resolved "https://registry.yarnpkg.com/es-define-property/-/es-define-property-1.0.0.tgz#c7faefbdff8b2696cf5f46921edfb77cc4ba3845"
  integrity sha512-jxayLKShrEqqzJ0eumQbVhTYQM27CfT1T35+gCgDFoL82JLsXqTJ76zv6A0YLOgEnLUMvLzsDsGIrl8NFpT2gQ==
  dependencies:
    get-intrinsic "^1.2.4"

es-errors@^1.3.0:
  version "1.3.0"
  resolved "https://registry.yarnpkg.com/es-errors/-/es-errors-1.3.0.tgz#05f75a25dab98e4fb1dcd5e1472c0546d5057c8f"
  integrity sha512-Zf5H2Kxt2xjTvbJvP2ZWLEICxA6j+hAmMzIlypy4xcBg1vKVnx89Wy0GbS+kf5cwCVFFzdCFh2XSCFNULS6csw==

escalade@^3.1.1:
  version "3.1.2"
  resolved "https://registry.yarnpkg.com/escalade/-/escalade-3.1.2.tgz#54076e9ab29ea5bf3d8f1ed62acffbb88272df27"
  integrity sha512-ErCHMCae19vR8vQGe50xIsVomy19rg6gFu3+r3jkEO46suLMWBksvVyoGgQV+jOfl84ZSOSlmv6Gxa89PmTGmA==

follow-redirects@^1.15.6:
  version "1.15.6"
  resolved "https://registry.yarnpkg.com/follow-redirects/-/follow-redirects-1.15.6.tgz#7f815c0cda4249c74ff09e95ef97c23b5fd0399b"
  integrity sha512-wWN62YITEaOpSK584EZXJafH1AGpO8RVgElfkuXbTOrPX4fIfOyEpW/CsiNd8JdYrAoOvafRTOEnvsO++qCqFA==

form-data@^4.0.0:
  version "4.0.0"
  resolved "https://registry.yarnpkg.com/form-data/-/form-data-4.0.0.tgz#93919daeaf361ee529584b9b31664dc12c9fa452"
  integrity sha512-ETEklSGi5t0QMZuiXoA/Q6vcnxcLQP5vdugSpuAyi6SVGi2clPPp+xgEhuMaHC+zGgn31Kd235W35f7Hykkaww==
  dependencies:
    asynckit "^0.4.0"
    combined-stream "^1.0.8"
    mime-types "^2.1.12"

fs-minipass@^2.0.0:
  version "2.1.0"
  resolved "https://registry.yarnpkg.com/fs-minipass/-/fs-minipass-2.1.0.tgz#7f5036fdbf12c63c169190cbe4199c852271f9fb"
  integrity sha512-V/JgOLFCS+R6Vcq0slCuaeWEdNC3ouDlJMNIsacH2VtALiu9mV4LPrHc5cDl8k5aw6J8jwgWWpiTo5RYhmIzvg==
  dependencies:
    minipass "^3.0.0"

function-bind@^1.1.2:
  version "1.1.2"
  resolved "https://registry.yarnpkg.com/function-bind/-/function-bind-1.1.2.tgz#2c02d864d97f3ea6c8830c464cbd11ab6eab7a1c"
  integrity sha512-7XHNxH7qX9xG5mIwxkhumTox/MIRNcOgDrxWsMt2pAr23WHp6MrRlN7FBSFpCpr+oVO0F744iUgR82nJMfG2SA==

get-caller-file@^2.0.5:
  version "2.0.5"
  resolved "https://registry.yarnpkg.com/get-caller-file/-/get-caller-file-2.0.5.tgz#4f94412a82db32f36e3b0b9741f8a97feb031f7e"
  integrity sha512-DyFP3BM/3YHTQOCUL/w0OZHR0lpKeGrxotcHWcqNEdnltqFwXVfhEBQ94eIo34AfQpo0rGki4cyIiftY06h2Fg==

get-intrinsic@^1.1.3, get-intrinsic@^1.2.4:
  version "1.2.4"
  resolved "https://registry.yarnpkg.com/get-intrinsic/-/get-intrinsic-1.2.4.tgz#e385f5a4b5227d449c3eabbad05494ef0abbeadd"
  integrity sha512-5uYhsJH8VJBTv7oslg4BznJYhDoRI6waYCxMmCdnTrcCrHA/fCFKoTFz2JKKE0HdDFUF7/oQuhzumXJK7paBRQ==
  dependencies:
    es-errors "^1.3.0"
    function-bind "^1.1.2"
    has-proto "^1.0.1"
    has-symbols "^1.0.3"
    hasown "^2.0.0"

globalthis@^1.0.2:
  version "1.0.3"
  resolved "https://registry.yarnpkg.com/globalthis/-/globalthis-1.0.3.tgz#5852882a52b80dc301b0660273e1ed082f0b6ccf"
  integrity sha512-sFdI5LyBiNTHjRd7cGPWapiHWMOXKyuBNX/cWJ3NfzrZQVa8GI/8cofCl74AOVqq9W5kNmguTIzJ/1s2gyI9wA==
  dependencies:
    define-properties "^1.1.3"

gopd@^1.0.1:
  version "1.0.1"
  resolved "https://registry.yarnpkg.com/gopd/-/gopd-1.0.1.tgz#29ff76de69dac7489b7c0918a5788e56477c332c"
  integrity sha512-d65bNlIadxvpb/A2abVdlqKqV563juRnZ1Wtk6s1sIR8uNsXR70xqIzVqxVf1eTqDunwT2MkczEeaezCKTZhwA==
  dependencies:
    get-intrinsic "^1.1.3"

has-property-descriptors@^1.0.0:
  version "1.0.2"
  resolved "https://registry.yarnpkg.com/has-property-descriptors/-/has-property-descriptors-1.0.2.tgz#963ed7d071dc7bf5f084c5bfbe0d1b6222586854"
  integrity sha512-55JNKuIW+vq4Ke1BjOTjM2YctQIvCT7GFzHwmfZPGo5wnrgkid0YQtnAleFSqumZm4az3n2BS+erby5ipJdgrg==
  dependencies:
    es-define-property "^1.0.0"

has-proto@^1.0.1:
  version "1.0.3"
  resolved "https://registry.yarnpkg.com/has-proto/-/has-proto-1.0.3.tgz#b31ddfe9b0e6e9914536a6ab286426d0214f77fd"
  integrity sha512-SJ1amZAJUiZS+PhsVLf5tGydlaVB8EdFpaSO4gmiUKUOxk8qzn5AIy4ZeJUmh22znIdk/uMAUT2pl3FxzVUH+Q==

has-symbols@^1.0.3:
  version "1.0.3"
  resolved "https://registry.yarnpkg.com/has-symbols/-/has-symbols-1.0.3.tgz#bb7b2c4349251dce87b125f7bdf874aa7c8b39f8"
  integrity sha512-l3LCuF6MgDNwTDKkdYGEihYjt5pRPbEg46rtlmnSPlUbgmB8LOIrKJbYYFBSbnPaJexMKtiPO8hmeRjRz2Td+A==

hasown@^2.0.0:
  version "2.0.2"
  resolved "https://registry.yarnpkg.com/hasown/-/hasown-2.0.2.tgz#003eaf91be7adc372e84ec59dc37252cedb80003"
  integrity sha512-0hJU9SCPvmMzIBdZFqNPXWa6dqh7WdH0cII9y+CyS8rG3nL48Bclra9HmKhVVUHyPWNH5Y7xDwAB7bfgSjkUMQ==
  dependencies:
    function-bind "^1.1.2"

is-fullwidth-code-point@^3.0.0:
  version "3.0.0"
  resolved "https://registry.yarnpkg.com/is-fullwidth-code-point/-/is-fullwidth-code-point-3.0.0.tgz#f116f8064fe90b3f7844a38997c0b75051269f1d"
  integrity sha512-zymm5+u+sCsSWyD9qNaejV3DFvhCKclKdizYaJUuHA83RLjb7nSuGnddCHGv0hk+KY7BMAlsWeK4Ueg6EV6XQg==

is-it-type@^5.1.2:
  version "5.1.2"
  resolved "https://registry.yarnpkg.com/is-it-type/-/is-it-type-5.1.2.tgz#30da6429200f4cb55280b92b9327226439b0ed34"
  integrity sha512-q/gOZQTNYABAxaXWnBKZjTFH4yACvWEFtgVOj+LbgxYIgAJG1xVmUZOsECSrZPIemYUQvaQWVilSFVbh4Eyt8A==
  dependencies:
    "@babel/runtime" "^7.16.7"
    globalthis "^1.0.2"

lru-cache@^6.0.0:
  version "6.0.0"
  resolved "https://registry.yarnpkg.com/lru-cache/-/lru-cache-6.0.0.tgz#6d6fe6570ebd96aaf90fcad1dafa3b2566db3a94"
  integrity sha512-Jo6dJ04CmSjuznwJSS3pUeWmd/H0ffTlkXXgwZi+eq1UCmqQwCh+eLsYOYCwY991i2Fah4h1BEMCx4qThGbsiA==
  dependencies:
    yallist "^4.0.0"

mime-db@1.52.0:
  version "1.52.0"
  resolved "https://registry.yarnpkg.com/mime-db/-/mime-db-1.52.0.tgz#bbabcdc02859f4987301c856e3387ce5ec43bf70"
  integrity sha512-sPU4uV7dYlvtWJxwwxHD0PuihVNiE7TyAbQ5SWxDCB9mUYvOgroQOwYQQOKPJ8CIbE+1ETVlOoK1UC2nU3gYvg==

mime-types@^2.1.12:
  version "2.1.35"
  resolved "https://registry.yarnpkg.com/mime-types/-/mime-types-2.1.35.tgz#381a871b62a734450660ae3deee44813f70d959a"
  integrity sha512-ZDY+bPm5zTTF+YpCrAU9nK0UgICYPT0QtT1NZWFv4s++TNkcgVaT0g6+4R2uI4MjQjzysHB1zxuWL50hzaeXiw==
  dependencies:
    mime-db "1.52.0"

minipass@^3.0.0:
  version "3.3.6"
  resolved "https://registry.yarnpkg.com/minipass/-/minipass-3.3.6.tgz#7bba384db3a1520d18c9c0e5251c3444e95dd94a"
  integrity sha512-DxiNidxSEK+tHG6zOIklvNOwm3hvCrbUrdtzY74U6HKTJxvIDfOUL5W5P2Ghd3DTkhhKPYGqeNUIh5qcM4YBfw==
  dependencies:
    yallist "^4.0.0"

minipass@^5.0.0:
  version "5.0.0"
  resolved "https://registry.yarnpkg.com/minipass/-/minipass-5.0.0.tgz#3e9788ffb90b694a5d0ec94479a45b5d8738133d"
  integrity sha512-3FnjYuehv9k6ovOEbyOswadCDPX1piCfhV8ncmYtHOjuPwylVWsghTLo7rabjC3Rx5xD4HDx8Wm1xnMF7S5qFQ==

minizlib@^2.1.1:
  version "2.1.2"
  resolved "https://registry.yarnpkg.com/minizlib/-/minizlib-2.1.2.tgz#e90d3466ba209b932451508a11ce3d3632145931"
  integrity sha512-bAxsR8BVfj60DWXHE3u30oHzfl4G7khkSuPW+qvpd7jFRHm7dLxOjUk1EHACJ/hxLY8phGJ0YhYHZo7jil7Qdg==
  dependencies:
    minipass "^3.0.0"
    yallist "^4.0.0"

mkdirp@^1.0.3:
  version "1.0.4"
  resolved "https://registry.yarnpkg.com/mkdirp/-/mkdirp-1.0.4.tgz#3eb5ed62622756d79a5f0e2a221dfebad75c2f7e"
  integrity sha512-vVqVZQyf3WLx2Shd0qJ9xuvqgAyKPLAiqITEtqW0oIUjzo3PePDd6fW9iFz30ef7Ysp/oiWqbhszeGWW2T6Gzw==

nw@^0.86.0:
  version "0.86.0"
  resolved "https://registry.yarnpkg.com/nw/-/nw-0.86.0.tgz#a479f3175a26e4ababbf24fe8d2a20de2f42cc8f"
  integrity sha512-yjH605Gcp2mkmKv+2ZQNDgX8U2ybhSTgQoZVGK+OHu/mwCimKWIz8jcfIiD3X9t+blxntsNp2Xo0PntiMKvHTA==
  dependencies:
    axios "^1.6.8"
    commander "^12.0.0"
    semver "^7.5.4"
    tar "^6.2.1"
    yargs "^17.7.2"
    yauzl-promise "^4.0.0"

object-keys@^1.1.1:
  version "1.1.1"
  resolved "https://registry.yarnpkg.com/object-keys/-/object-keys-1.1.1.tgz#1c47f272df277f3b1daf061677d9c82e2322c60e"
  integrity sha512-NuAESUOUMrlIXOfHKzD6bpPu3tYt3xvjNdRIQ+FeT0lNb4K8WR70CaDxhuNguS2XG+GjkyMwOzsN5ZktImfhLA==

proxy-from-env@^1.1.0:
  version "1.1.0"
  resolved "https://registry.yarnpkg.com/proxy-from-env/-/proxy-from-env-1.1.0.tgz#e102f16ca355424865755d2c9e8ea4f24d58c3e2"
  integrity sha512-D+zkORCbA9f1tdWRK0RaCR3GPv50cMxcrz4X8k5LTSUD1Dkw47mKJEZQNunItRTkWwgtaUSo1RVFRIG9ZXiFYg==

regenerator-runtime@^0.14.0:
  version "0.14.1"
  resolved "https://registry.yarnpkg.com/regenerator-runtime/-/regenerator-runtime-0.14.1.tgz#356ade10263f685dda125100cd862c1db895327f"
  integrity sha512-dYnhHh0nJoMfnkZs6GmmhFknAGRrLznOu5nc9ML+EJxGvrx6H7teuevqVqCuPcPK//3eDrrjQhehXVx9cnkGdw==

require-directory@^2.1.1:
  version "2.1.1"
  resolved "https://registry.yarnpkg.com/require-directory/-/require-directory-2.1.1.tgz#8c64ad5fd30dab1c976e2344ffe7f792a6a6df42"
  integrity sha512-fGxEI7+wsG9xrvdjsrlmL22OMTTiHRwAMroiEeMgq8gzoLC/PQr7RsRDSTLUg/bZAZtF+TVIkHc6/4RIKrui+Q==

semver@^7.5.4:
  version "7.6.0"
  resolved "https://registry.yarnpkg.com/semver/-/semver-7.6.0.tgz#1a46a4db4bffcccd97b743b5005c8325f23d4e2d"
  integrity sha512-EnwXhrlwXMk9gKu5/flx5sv/an57AkRplG3hTK68W7FRDN+k+OWBj65M7719OkA82XLBxrcX0KSHj+X5COhOVg==
  dependencies:
    lru-cache "^6.0.0"

simple-invariant@^2.0.1:
  version "2.0.1"
  resolved "https://registry.yarnpkg.com/simple-invariant/-/simple-invariant-2.0.1.tgz#b8935284d31bc0c2719582f9cddf17bee8f57526"
  integrity sha512-1sbhsxqI+I2tqlmjbz99GXNmZtr6tKIyEgGGnJw/MKGblalqk/XoOYYFJlBzTKZCxx8kLaD3FD5s9BEEjx5Pyg==

string-width@^4.1.0, string-width@^4.2.0, string-width@^4.2.3:
  version "4.2.3"
  resolved "https://registry.yarnpkg.com/string-width/-/string-width-4.2.3.tgz#269c7117d27b05ad2e536830a8ec895ef9c6d010"
  integrity sha512-wKyQRQpjJ0sIp62ErSZdGsjMJWsap5oRNihHhu6G7JVO/9jIB6UyevL+tXuOqrng8j/cxKTWyWUwvSTriiZz/g==
  dependencies:
    emoji-regex "^8.0.0"
    is-fullwidth-code-point "^3.0.0"
    strip-ansi "^6.0.1"

strip-ansi@^6.0.0, strip-ansi@^6.0.1:
  version "6.0.1"
  resolved "https://registry.yarnpkg.com/strip-ansi/-/strip-ansi-6.0.1.tgz#9e26c63d30f53443e9489495b2105d37b67a85d9"
  integrity sha512-Y38VPSHcqkFrCpFnQ9vuSXmquuv5oXOKpGeT6aGrr3o3Gc9AlVa6JBfUSOCnbxGGZF+/0ooI7KrPuUSztUdU5A==
  dependencies:
    ansi-regex "^5.0.1"

tar@^6.2.1:
  version "6.2.1"
  resolved "https://registry.yarnpkg.com/tar/-/tar-6.2.1.tgz#717549c541bc3c2af15751bea94b1dd068d4b03a"
  integrity sha512-DZ4yORTwrbTj/7MZYq2w+/ZFdI6OZ/f9SFHR+71gIVUZhOQPHzVCLpvRnPgyaMpfWxxk/4ONva3GQSyNIKRv6A==
  dependencies:
    chownr "^2.0.0"
    fs-minipass "^2.0.0"
    minipass "^5.0.0"
    minizlib "^2.1.1"
    mkdirp "^1.0.3"
    yallist "^4.0.0"

tslib@^2.4.0:
  version "2.6.2"
  resolved "https://registry.yarnpkg.com/tslib/-/tslib-2.6.2.tgz#703ac29425e7b37cd6fd456e92404d46d1f3e4ae"
  integrity sha512-AEYxH93jGFPn/a2iVAwW87VuUIkR1FVUKB77NwMF7nBTDkDrrT/Hpt/IrCJ0QXhW27jTBDcf5ZY7w6RiqTMw2Q==

wrap-ansi@^7.0.0:
  version "7.0.0"
  resolved "https://registry.yarnpkg.com/wrap-ansi/-/wrap-ansi-7.0.0.tgz#67e145cff510a6a6984bdf1152911d69d2eb9e43"
  integrity sha512-YVGIj2kamLSTxw6NsZjoBxfSwsn0ycdesmc4p+Q21c5zPuZ1pl+NfxVdxPtdHvmNVOQ6XSYG4AUtyt/Fi7D16Q==
  dependencies:
    ansi-styles "^4.0.0"
    string-width "^4.1.0"
    strip-ansi "^6.0.0"

y18n@^5.0.5:
  version "5.0.8"
  resolved "https://registry.yarnpkg.com/y18n/-/y18n-5.0.8.tgz#7f4934d0f7ca8c56f95314939ddcd2dd91ce1d55"
  integrity sha512-0pfFzegeDWJHJIAmTLRP2DwHjdF5s7jo9tuztdQxAhINCdvS+3nGINqPd00AphqJR/0LhANUS6/+7SCb98YOfA==

yallist@^4.0.0:
  version "4.0.0"
  resolved "https://registry.yarnpkg.com/yallist/-/yallist-4.0.0.tgz#9bb92790d9c0effec63be73519e11a35019a3a72"
  integrity sha512-3wdGidZyq5PB084XLES5TpOSRA3wjXAlIWMhum2kRcv/41Sn2emQ0dycQW4uZXLejwKvg6EsvbdlVL+FYEct7A==

yargs-parser@^21.1.1:
  version "21.1.1"
  resolved "https://registry.yarnpkg.com/yargs-parser/-/yargs-parser-21.1.1.tgz#9096bceebf990d21bb31fa9516e0ede294a77d35"
  integrity sha512-tVpsJW7DdjecAiFpbIB1e3qxIQsE6NoPc5/eTdrbbIC4h0LVsWhnoa3g+m2HclBIujHzsxZ4VJVA+GUuc2/LBw==

yargs@^17.7.2:
  version "17.7.2"
  resolved "https://registry.yarnpkg.com/yargs/-/yargs-17.7.2.tgz#991df39aca675a192b816e1e0363f9d75d2aa269"
  integrity sha512-7dSzzRQ++CKnNI/krKnYRV7JKKPUXMEh61soaHKg9mrWEhzFWhFnxPxGl+69cD1Ou63C13NUPCnmIcrvqCuM6w==
  dependencies:
    cliui "^8.0.1"
    escalade "^3.1.1"
    get-caller-file "^2.0.5"
    require-directory "^2.1.1"
    string-width "^4.2.3"
    y18n "^5.0.5"
    yargs-parser "^21.1.1"

yauzl-promise@^4.0.0:
  version "4.0.0"
  resolved "https://registry.yarnpkg.com/yauzl-promise/-/yauzl-promise-4.0.0.tgz#4870124bfdbe4e7e23da4258719bb264fc18576a"
  integrity sha512-/HCXpyHXJQQHvFq9noqrjfa/WpQC2XYs3vI7tBiAi4QiIU1knvYhZGaO1QPjwIVMdqflxbmwgMXtYeaRiAE0CA==
  dependencies:
    "@node-rs/crc32" "^1.7.0"
    is-it-type "^5.1.2"
    simple-invariant "^2.0.1"
